
Microsoft Visual Studio Solution File, Format Version 12.00
# Visual Studio Version 17
VisualStudioVersion = 17.10.35013.160
MinimumVisualStudioVersion = 10.0.40219.1
Project("{9A19103F-16F7-4668-BE54-9A1E7A4F7556}") = "TheBookDenWeb", "TheBookDenWeb\TheBookDenWeb.csproj", "{7D39A349-123B-46D9-8DA8-2C02554F281D}"
EndProject
Project("{FAE04EC0-301F-11D3-BF4B-00C04F79EFBC}") = "TheBookDen.DataAccess", "TheBookDen.DataAccess\TheBookDen.DataAccess.csproj", "{D339D887-772C-4228-80EC-802C37349A02}"
EndProject
Project("{FAE04EC0-301F-11D3-BF4B-00C04F79EFBC}") = "TheBookDen.Models", "TheBookDen.Models\TheBookDen.Models.csproj", "{C1E21CFF-2114-4C5F-81A4-D828834DDE51}"
EndProject
Project("{FAE04EC0-301F-11D3-BF4B-00C04F79EFBC}") = "TheBookDen.Utility", "TheBookDen.Utility\TheBookDen.Utility.csproj", "{6B81A248-8BE1-4C9A-8C6B-524142A545E6}"
EndProject
Global
	GlobalSection(SolutionConfigurationPlatforms) = preSolution
		Debug|Any CPU = Debug|Any CPU
		Release|Any CPU = Release|Any CPU
	EndGlobalSection
	GlobalSection(ProjectConfigurationPlatforms) = postSolution
		{7D39A349-123B-46D9-8DA8-2C02554F281D}.Debug|Any CPU.ActiveCfg = Debug|Any CPU
		{7D39A349-123B-46D9-8DA8-2C02554F281D}.Debug|Any CPU.Build.0 = Debug|Any CPU
		{7D39A349-123B-46D9-8DA8-2C02554F281D}.Release|Any CPU.ActiveCfg = Release|Any CPU
		{7D39A349-123B-46D9-8DA8-2C02554F281D}.Release|Any CPU.Build.0 = Release|Any CPU
		{D339D887-772C-4228-80EC-802C37349A02}.Debug|Any CPU.ActiveCfg = Debug|Any CPU
		{D339D887-772C-4228-80EC-802C37349A02}.Debug|Any CPU.Build.0 = Debug|Any CPU
		{D339D887-772C-4228-80EC-802C37349A02}.Release|Any CPU.ActiveCfg = Release|Any CPU
		{D339D887-772C-4228-80EC-802C37349A02}.Release|Any CPU.Build.0 = Release|Any CPU
		{C1E21CFF-2114-4C5F-81A4-D828834DDE51}.Debug|Any CPU.ActiveCfg = Debug|Any CPU
		{C1E21CFF-2114-4C5F-81A4-D828834DDE51}.Debug|Any CPU.Build.0 = Debug|Any CPU
		{C1E21CFF-2114-4C5F-81A4-D828834DDE51}.Release|Any CPU.ActiveCfg = Release|Any CPU
		{C1E21CFF-2114-4C5F-81A4-D828834DDE51}.Release|Any CPU.Build.0 = Release|Any CPU
		{6B81A248-8BE1-4C9A-8C6B-524142A545E6}.Debug|Any CPU.ActiveCfg = Debug|Any CPU
		{6B81A248-8BE1-4C9A-8C6B-524142A545E6}.Debug|Any CPU.Build.0 = Debug|Any CPU
		{6B81A248-8BE1-4C9A-8C6B-524142A545E6}.Release|Any CPU.ActiveCfg = Release|Any CPU
		{6B81A248-8BE1-4C9A-8C6B-524142A545E6}.Release|Any CPU.Build.0 = Release|Any CPU
	EndGlobalSection
	GlobalSection(SolutionProperties) = preSolution
		HideSolutionNode = FALSE
	EndGlobalSection
	GlobalSection(ExtensibilityGlobals) = postSolution
		SolutionGuid = {65249D1A-5DE0-432D-8E49-F78323BC97E1}
	EndGlobalSection
EndGlobal
